
Microsoft Visual Studio Solution File, Format Version 12.00
# Visual Studio Version 17
VisualStudioVersion = 17.11.34929.205
MinimumVisualStudioVersion = 10.0.40219.1
Project("{9A19103F-16F7-4668-BE54-9A1E7A4F7556}") = "MonikaChat.Shared", "MonikaChat.Shared\MonikaChat.Shared.csproj", "{A070743C-4759-40BD-8134-59E949E39D7A}"
EndProject
Project("{9A19103F-16F7-4668-BE54-9A1E7A4F7556}") = "MonikaChat.Server", "MonikaChat.Server\MonikaChat.Server.csproj", "{6475BC14-39D9-4E45-BEA6-EA3751CDECB2}"
EndProject
Project("{9A19103F-16F7-4668-BE54-9A1E7A4F7556}") = "MonikaChat.Client", "MonikaChat.Client\MonikaChat.Client.csproj", "{600053C8-DDC2-41CB-9FB1-7F87F4D8DD71}"
EndProject
Global
	GlobalSection(SolutionConfigurationPlatforms) = preSolution
		Debug|Any CPU = Debug|Any CPU
		Release|Any CPU = Release|Any CPU
	EndGlobalSection
	GlobalSection(ProjectConfigurationPlatforms) = postSolution
		{A070743C-4759-40BD-8134-59E949E39D7A}.Debug|Any CPU.ActiveCfg = Debug|Any CPU
		{A070743C-4759-40BD-8134-59E949E39D7A}.Debug|Any CPU.Build.0 = Debug|Any CPU
		{A070743C-4759-40BD-8134-59E949E39D7A}.Release|Any CPU.ActiveCfg = Release|Any CPU
		{A070743C-4759-40BD-8134-59E949E39D7A}.Release|Any CPU.Build.0 = Release|Any CPU
		{6475BC14-39D9-4E45-BEA6-EA3751CDECB2}.Debug|Any CPU.ActiveCfg = Debug|Any CPU
		{6475BC14-39D9-4E45-BEA6-EA3751CDECB2}.Debug|Any CPU.Build.0 = Debug|Any CPU
		{6475BC14-39D9-4E45-BEA6-EA3751CDECB2}.Release|Any CPU.ActiveCfg = Release|Any CPU
		{6475BC14-39D9-4E45-BEA6-EA3751CDECB2}.Release|Any CPU.Build.0 = Release|Any CPU
		{600053C8-DDC2-41CB-9FB1-7F87F4D8DD71}.Debug|Any CPU.ActiveCfg = Debug|Any CPU
		{600053C8-DDC2-41CB-9FB1-7F87F4D8DD71}.Debug|Any CPU.Build.0 = Debug|Any CPU
		{600053C8-DDC2-41CB-9FB1-7F87F4D8DD71}.Release|Any CPU.ActiveCfg = Release|Any CPU
		{600053C8-DDC2-41CB-9FB1-7F87F4D8DD71}.Release|Any CPU.Build.0 = Release|Any CPU
	EndGlobalSection
	GlobalSection(SolutionProperties) = preSolution
		HideSolutionNode = FALSE
	EndGlobalSection
	GlobalSection(ExtensibilityGlobals) = postSolution
		SolutionGuid = {3AF309AB-41B1-4739-9E77-9B2495D34142}
	EndGlobalSection
EndGlobal
